// !$*UTF8*$!
{
	archiveVersion = 1;
	classes = {
	};
	objectVersion = 46;
	objects = {

/* Begin PBXBuildFile section */
		0D1D617E1E34847400E1BC38 /* XIAlertSDK.h in Headers */ = {isa = PBXBuildFile; fileRef = 0D1D617C1E34847400E1BC38 /* XIAlertSDK.h */; settings = {ATTRIBUTES = (Public, ); }; };
		0D1D61811E34847400E1BC38 /* XIAlertSDK.framework in Frameworks */ = {isa = PBXBuildFile; fileRef = 0D1D617A1E34847400E1BC38 /* XIAlertSDK.framework */; };
		0D1D61821E34847400E1BC38 /* XIAlertSDK.framework in Embed Frameworks */ = {isa = PBXBuildFile; fileRef = 0D1D617A1E34847400E1BC38 /* XIAlertSDK.framework */; settings = {ATTRIBUTES = (CodeSignOnCopy, RemoveHeadersOnCopy, ); }; };
		0D1D61871E34849000E1BC38 /* XIAlertModalBackgroundView.m in Sources */ = {isa = PBXBuildFile; fileRef = 0D7F4DF81D96673900F493B1 /* XIAlertModalBackgroundView.m */; };
		0D1D61881E34849000E1BC38 /* XIAlertView.m in Sources */ = {isa = PBXBuildFile; fileRef = 0DC9B60E1D40A32A002AC776 /* XIAlertView.m */; };
		0D1D61891E34849B00E1BC38 /* XIAlertModalBackgroundView.h in Headers */ = {isa = PBXBuildFile; fileRef = 0D7F4DF71D96673900F493B1 /* XIAlertModalBackgroundView.h */; };
		0D1D618A1E34849B00E1BC38 /* XIAlertView.h in Headers */ = {isa = PBXBuildFile; fileRef = 0DC9B60D1D40A32A002AC776 /* XIAlertView.h */; settings = {ATTRIBUTES = (Public, ); }; };
		0D1D618B1E3484A900E1BC38 /* XIAlertView.h in CopyFiles */ = {isa = PBXBuildFile; fileRef = 0DC9B60D1D40A32A002AC776 /* XIAlertView.h */; };
		0D7F4DF91D96673900F493B1 /* XIAlertModalBackgroundView.m in Sources */ = {isa = PBXBuildFile; fileRef = 0D7F4DF81D96673900F493B1 /* XIAlertModalBackgroundView.m */; };
		0DC9B5F81D40A2A2002AC776 /* main.m in Sources */ = {isa = PBXBuildFile; fileRef = 0DC9B5F71D40A2A2002AC776 /* main.m */; };
		0DC9B5FB1D40A2A2002AC776 /* AppDelegate.m in Sources */ = {isa = PBXBuildFile; fileRef = 0DC9B5FA1D40A2A2002AC776 /* AppDelegate.m */; };
		0DC9B5FE1D40A2A2002AC776 /* ViewController.m in Sources */ = {isa = PBXBuildFile; fileRef = 0DC9B5FD1D40A2A2002AC776 /* ViewController.m */; };
		0DC9B6011D40A2A2002AC776 /* Main.storyboard in Resources */ = {isa = PBXBuildFile; fileRef = 0DC9B5FF1D40A2A2002AC776 /* Main.storyboard */; };
		0DC9B6031D40A2A2002AC776 /* Assets.xcassets in Resources */ = {isa = PBXBuildFile; fileRef = 0DC9B6021D40A2A2002AC776 /* Assets.xcassets */; };
		0DC9B6061D40A2A2002AC776 /* LaunchScreen.storyboard in Resources */ = {isa = PBXBuildFile; fileRef = 0DC9B6041D40A2A2002AC776 /* LaunchScreen.storyboard */; };
		0DC9B60F1D40A32A002AC776 /* XIAlertView.m in Sources */ = {isa = PBXBuildFile; fileRef = 0DC9B60E1D40A32A002AC776 /* XIAlertView.m */; };
		0DF889741D864AA6008CD8C3 /* XIMessageBoardView.m in Sources */ = {isa = PBXBuildFile; fileRef = 0DF889731D864AA6008CD8C3 /* XIMessageBoardView.m */; };
/* End PBXBuildFile section */

/* Begin PBXContainerItemProxy section */
		0D1D617F1E34847400E1BC38 /* PBXContainerItemProxy */ = {
			isa = PBXContainerItemProxy;
			containerPortal = 0DC9B5EB1D40A2A2002AC776 /* Project object */;
			proxyType = 1;
			remoteGlobalIDString = 0D1D61791E34847400E1BC38;
			remoteInfo = XIAlertSDK;
		};
/* End PBXContainerItemProxy section */

/* Begin PBXCopyFilesBuildPhase section */
		0D1D616C1E34837400E1BC38 /* Embed Frameworks */ = {
			isa = PBXCopyFilesBuildPhase;
			buildActionMask = 2147483647;
			dstPath = "";
			dstSubfolderSpec = 10;
			files = (
				0D1D61821E34847400E1BC38 /* XIAlertSDK.framework in Embed Frameworks */,
			);
			name = "Embed Frameworks";
			runOnlyForDeploymentPostprocessing = 0;
		};
		0D1D61861E34848600E1BC38 /* CopyFiles */ = {
			isa = PBXCopyFilesBuildPhase;
			buildActionMask = 2147483647;
			dstPath = "";
			dstSubfolderSpec = 7;
			files = (
				0D1D618B1E3484A900E1BC38 /* XIAlertView.h in CopyFiles */,
			);
			runOnlyForDeploymentPostprocessing = 0;
		};
/* End PBXCopyFilesBuildPhase section */

/* Begin PBXFileReference section */
		0D1D617A1E34847400E1BC38 /* XIAlertSDK.framework */ = {isa = PBXFileReference; explicitFileType = wrapper.framework; includeInIndex = 0; path = XIAlertSDK.framework; sourceTree = BUILT_PRODUCTS_DIR; };
		0D1D617C1E34847400E1BC38 /* XIAlertSDK.h */ = {isa = PBXFileReference; lastKnownFileType = sourcecode.c.h; path = XIAlertSDK.h; sourceTree = "<group>"; };
		0D1D617D1E34847400E1BC38 /* Info.plist */ = {isa = PBXFileReference; lastKnownFileType = text.plist.xml; path = Info.plist; sourceTree = "<group>"; };
		0D7F4DF71D96673900F493B1 /* XIAlertModalBackgroundView.h */ = {isa = PBXFileReference; fileEncoding = 4; lastKnownFileType = sourcecode.c.h; path = XIAlertModalBackgroundView.h; sourceTree = "<group>"; };
		0D7F4DF81D96673900F493B1 /* XIAlertModalBackgroundView.m */ = {isa = PBXFileReference; fileEncoding = 4; lastKnownFileType = sourcecode.c.objc; path = XIAlertModalBackgroundView.m; sourceTree = "<group>"; };
		0DC9B5F31D40A2A2002AC776 /* XIAlertView.app */ = {isa = PBXFileReference; explicitFileType = wrapper.application; includeInIndex = 0; path = XIAlertView.app; sourceTree = BUILT_PRODUCTS_DIR; };
		0DC9B5F71D40A2A2002AC776 /* main.m */ = {isa = PBXFileReference; lastKnownFileType = sourcecode.c.objc; path = main.m; sourceTree = "<group>"; };
		0DC9B5F91D40A2A2002AC776 /* AppDelegate.h */ = {isa = PBXFileReference; lastKnownFileType = sourcecode.c.h; path = AppDelegate.h; sourceTree = "<group>"; };
		0DC9B5FA1D40A2A2002AC776 /* AppDelegate.m */ = {isa = PBXFileReference; lastKnownFileType = sourcecode.c.objc; path = AppDelegate.m; sourceTree = "<group>"; };
		0DC9B5FC1D40A2A2002AC776 /* ViewController.h */ = {isa = PBXFileReference; lastKnownFileType = sourcecode.c.h; path = ViewController.h; sourceTree = "<group>"; };
		0DC9B5FD1D40A2A2002AC776 /* ViewController.m */ = {isa = PBXFileReference; lastKnownFileType = sourcecode.c.objc; path = ViewController.m; sourceTree = "<group>"; };
		0DC9B6001D40A2A2002AC776 /* Base */ = {isa = PBXFileReference; lastKnownFileType = file.storyboard; name = Base; path = Base.lproj/Main.storyboard; sourceTree = "<group>"; };
		0DC9B6021D40A2A2002AC776 /* Assets.xcassets */ = {isa = PBXFileReference; lastKnownFileType = folder.assetcatalog; path = Assets.xcassets; sourceTree = "<group>"; };
		0DC9B6051D40A2A2002AC776 /* Base */ = {isa = PBXFileReference; lastKnownFileType = file.storyboard; name = Base; path = Base.lproj/LaunchScreen.storyboard; sourceTree = "<group>"; };
		0DC9B6071D40A2A2002AC776 /* Info.plist */ = {isa = PBXFileReference; lastKnownFileType = text.plist.xml; path = Info.plist; sourceTree = "<group>"; };
		0DC9B60D1D40A32A002AC776 /* XIAlertView.h */ = {isa = PBXFileReference; fileEncoding = 4; lastKnownFileType = sourcecode.c.h; path = XIAlertView.h; sourceTree = "<group>"; };
		0DC9B60E1D40A32A002AC776 /* XIAlertView.m */ = {isa = PBXFileReference; fileEncoding = 4; lastKnownFileType = sourcecode.c.objc; path = XIAlertView.m; sourceTree = "<group>"; };
		0DF889721D864AA6008CD8C3 /* XIMessageBoardView.h */ = {isa = PBXFileReference; fileEncoding = 4; lastKnownFileType = sourcecode.c.h; path = XIMessageBoardView.h; sourceTree = "<group>"; };
		0DF889731D864AA6008CD8C3 /* XIMessageBoardView.m */ = {isa = PBXFileReference; fileEncoding = 4; lastKnownFileType = sourcecode.c.objc; path = XIMessageBoardView.m; sourceTree = "<group>"; };
/* End PBXFileReference section */

/* Begin PBXFrameworksBuildPhase section */
		0D1D61761E34847400E1BC38 /* Frameworks */ = {
			isa = PBXFrameworksBuildPhase;
			buildActionMask = 2147483647;
			files = (
			);
			runOnlyForDeploymentPostprocessing = 0;
		};
		0DC9B5F01D40A2A2002AC776 /* Frameworks */ = {
			isa = PBXFrameworksBuildPhase;
			buildActionMask = 2147483647;
			files = (
				0D1D61811E34847400E1BC38 /* XIAlertSDK.framework in Frameworks */,
			);
			runOnlyForDeploymentPostprocessing = 0;
		};
/* End PBXFrameworksBuildPhase section */

/* Begin PBXGroup section */
		0D1D617B1E34847400E1BC38 /* XIAlertSDK */ = {
			isa = PBXGroup;
			children = (
				0D1D617C1E34847400E1BC38 /* XIAlertSDK.h */,
				0D1D617D1E34847400E1BC38 /* Info.plist */,
			);
			path = XIAlertSDK;
			sourceTree = "<group>";
		};
		0D7F4DFA1D96674200F493B1 /* Class */ = {
			isa = PBXGroup;
			children = (
				0D7F4DF71D96673900F493B1 /* XIAlertModalBackgroundView.h */,
				0D7F4DF81D96673900F493B1 /* XIAlertModalBackgroundView.m */,
				0DF889721D864AA6008CD8C3 /* XIMessageBoardView.h */,
				0DF889731D864AA6008CD8C3 /* XIMessageBoardView.m */,
				0DC9B60D1D40A32A002AC776 /* XIAlertView.h */,
				0DC9B60E1D40A32A002AC776 /* XIAlertView.m */,
			);
			name = Class;
			sourceTree = "<group>";
		};
		0DC9B5EA1D40A2A2002AC776 = {
			isa = PBXGroup;
			children = (
				0DC9B5F51D40A2A2002AC776 /* XIAlertView */,
				0D1D617B1E34847400E1BC38 /* XIAlertSDK */,
				0DC9B5F41D40A2A2002AC776 /* Products */,
			);
			sourceTree = "<group>";
		};
		0DC9B5F41D40A2A2002AC776 /* Products */ = {
			isa = PBXGroup;
			children = (
				0DC9B5F31D40A2A2002AC776 /* XIAlertView.app */,
				0D1D617A1E34847400E1BC38 /* XIAlertSDK.framework */,
			);
			name = Products;
			sourceTree = "<group>";
		};
		0DC9B5F51D40A2A2002AC776 /* XIAlertView */ = {
			isa = PBXGroup;
			children = (
				0D7F4DFA1D96674200F493B1 /* Class */,
				0DC9B5F91D40A2A2002AC776 /* AppDelegate.h */,
				0DC9B5FA1D40A2A2002AC776 /* AppDelegate.m */,
				0DC9B5FC1D40A2A2002AC776 /* ViewController.h */,
				0DC9B5FD1D40A2A2002AC776 /* ViewController.m */,
				0DC9B5FF1D40A2A2002AC776 /* Main.storyboard */,
				0DC9B6021D40A2A2002AC776 /* Assets.xcassets */,
				0DC9B6041D40A2A2002AC776 /* LaunchScreen.storyboard */,
				0DC9B6071D40A2A2002AC776 /* Info.plist */,
				0DC9B5F61D40A2A2002AC776 /* Supporting Files */,
			);
			path = XIAlertView;
			sourceTree = "<group>";
		};
		0DC9B5F61D40A2A2002AC776 /* Supporting Files */ = {
			isa = PBXGroup;
			children = (
				0DC9B5F71D40A2A2002AC776 /* main.m */,
			);
			name = "Supporting Files";
			sourceTree = "<group>";
		};
/* End PBXGroup section */

/* Begin PBXHeadersBuildPhase section */
		0D1D61771E34847400E1BC38 /* Headers */ = {
			isa = PBXHeadersBuildPhase;
			buildActionMask = 2147483647;
			files = (
				0D1D617E1E34847400E1BC38 /* XIAlertSDK.h in Headers */,
				0D1D618A1E34849B00E1BC38 /* XIAlertView.h in Headers */,
				0D1D61891E34849B00E1BC38 /* XIAlertModalBackgroundView.h in Headers */,
			);
			runOnlyForDeploymentPostprocessing = 0;
		};
/* End PBXHeadersBuildPhase section */

/* Begin PBXNativeTarget section */
		0D1D61791E34847400E1BC38 /* XIAlertSDK */ = {
			isa = PBXNativeTarget;
			buildConfigurationList = 0D1D61831E34847400E1BC38 /* Build configuration list for PBXNativeTarget "XIAlertSDK" */;
			buildPhases = (
				0D1D61751E34847400E1BC38 /* Sources */,
				0D1D61761E34847400E1BC38 /* Frameworks */,
				0D1D61771E34847400E1BC38 /* Headers */,
				0D1D61781E34847400E1BC38 /* Resources */,
				0D1D61861E34848600E1BC38 /* CopyFiles */,
			);
			buildRules = (
			);
			dependencies = (
			);
			name = XIAlertSDK;
			productName = XIAlertSDK;
			productReference = 0D1D617A1E34847400E1BC38 /* XIAlertSDK.framework */;
			productType = "com.apple.product-type.framework";
		};
		0DC9B5F21D40A2A2002AC776 /* XIAlertView */ = {
			isa = PBXNativeTarget;
			buildConfigurationList = 0DC9B60A1D40A2A2002AC776 /* Build configuration list for PBXNativeTarget "XIAlertView" */;
			buildPhases = (
				0DC9B5EF1D40A2A2002AC776 /* Sources */,
				0DC9B5F01D40A2A2002AC776 /* Frameworks */,
				0DC9B5F11D40A2A2002AC776 /* Resources */,
				0D1D616C1E34837400E1BC38 /* Embed Frameworks */,
			);
			buildRules = (
			);
			dependencies = (
				0D1D61801E34847400E1BC38 /* PBXTargetDependency */,
			);
			name = XIAlertView;
			productName = XIAlertView;
			productReference = 0DC9B5F31D40A2A2002AC776 /* XIAlertView.app */;
			productType = "com.apple.product-type.application";
		};
/* End PBXNativeTarget section */

/* Begin PBXProject section */
		0DC9B5EB1D40A2A2002AC776 /* Project object */ = {
			isa = PBXProject;
			attributes = {
				LastUpgradeCheck = 0730;
				ORGANIZATIONNAME = yxlong;
				TargetAttributes = {
					0D1D61791E34847400E1BC38 = {
						CreatedOnToolsVersion = 8.2.1;
						ProvisioningStyle = Automatic;
					};
					0DC9B5F21D40A2A2002AC776 = {
						CreatedOnToolsVersion = 7.3.1;
					};
				};
			};
			buildConfigurationList = 0DC9B5EE1D40A2A2002AC776 /* Build configuration list for PBXProject "XIAlertView" */;
			compatibilityVersion = "Xcode 3.2";
			developmentRegion = English;
			hasScannedForEncodings = 0;
			knownRegions = (
				en,
				Base,
			);
			mainGroup = 0DC9B5EA1D40A2A2002AC776;
			productRefGroup = 0DC9B5F41D40A2A2002AC776 /* Products */;
			projectDirPath = "";
			projectRoot = "";
			targets = (
				0DC9B5F21D40A2A2002AC776 /* XIAlertView */,
				0D1D61791E34847400E1BC38 /* XIAlertSDK */,
			);
		};
/* End PBXProject section */

/* Begin PBXResourcesBuildPhase section */
		0D1D61781E34847400E1BC38 /* Resources */ = {
			isa = PBXResourcesBuildPhase;
			buildActionMask = 2147483647;
			files = (
			);
			runOnlyForDeploymentPostprocessing = 0;
		};
		0DC9B5F11D40A2A2002AC776 /* Resources */ = {
			isa = PBXResourcesBuildPhase;
			buildActionMask = 2147483647;
			files = (
				0DC9B6061D40A2A2002AC776 /* LaunchScreen.storyboard in Resources */,
				0DC9B6031D40A2A2002AC776 /* Assets.xcassets in Resources */,
				0DC9B6011D40A2A2002AC776 /* Main.storyboard in Resources */,
			);
			runOnlyForDeploymentPostprocessing = 0;
		};
/* End PBXResourcesBuildPhase section */

/* Begin PBXSourcesBuildPhase section */
		0D1D61751E34847400E1BC38 /* Sources */ = {
			isa = PBXSourcesBuildPhase;
			buildActionMask = 2147483647;
			files = (
				0D1D61871E34849000E1BC38 /* XIAlertModalBackgroundView.m in Sources */,
				0D1D61881E34849000E1BC38 /* XIAlertView.m in Sources */,
			);
			runOnlyForDeploymentPostprocessing = 0;
		};
		0DC9B5EF1D40A2A2002AC776 /* Sources */ = {
			isa = PBXSourcesBuildPhase;
			buildActionMask = 2147483647;
			files = (
				0D7F4DF91D96673900F493B1 /* XIAlertModalBackgroundView.m in Sources */,
				0DC9B60F1D40A32A002AC776 /* XIAlertView.m in Sources */,
				0DF889741D864AA6008CD8C3 /* XIMessageBoardView.m in Sources */,
				0DC9B5FE1D40A2A2002AC776 /* ViewController.m in Sources */,
				0DC9B5FB1D40A2A2002AC776 /* AppDelegate.m in Sources */,
				0DC9B5F81D40A2A2002AC776 /* main.m in Sources */,
			);
			runOnlyForDeploymentPostprocessing = 0;
		};
/* End PBXSourcesBuildPhase section */

/* Begin PBXTargetDependency section */
		0D1D61801E34847400E1BC38 /* PBXTargetDependency */ = {
			isa = PBXTargetDependency;
			target = 0D1D61791E34847400E1BC38 /* XIAlertSDK */;
			targetProxy = 0D1D617F1E34847400E1BC38 /* PBXContainerItemProxy */;
		};
/* End PBXTargetDependency section */

/* Begin PBXVariantGroup section */
		0DC9B5FF1D40A2A2002AC776 /* Main.storyboard */ = {
			isa = PBXVariantGroup;
			children = (
				0DC9B6001D40A2A2002AC776 /* Base */,
			);
			name = Main.storyboard;
			sourceTree = "<group>";
		};
		0DC9B6041D40A2A2002AC776 /* LaunchScreen.storyboard */ = {
			isa = PBXVariantGroup;
			children = (
				0DC9B6051D40A2A2002AC776 /* Base */,
			);
			name = LaunchScreen.storyboard;
			sourceTree = "<group>";
		};
/* End PBXVariantGroup section */

/* Begin XCBuildConfiguration section */
		0D1D61841E34847400E1BC38 /* Debug */ = {
			isa = XCBuildConfiguration;
			buildSettings = {
				ARCHS = (
					"$(ARCHS_STANDARD)",
					armv7s,
				);
				CLANG_WARN_DOCUMENTATION_COMMENTS = YES;
				CLANG_WARN_INFINITE_RECURSION = YES;
				CLANG_WARN_SUSPICIOUS_MOVE = YES;
				CODE_SIGN_IDENTITY = "iPhone Developer";
				"CODE_SIGN_IDENTITY[sdk=iphoneos*]" = "iPhone Developer";
				CURRENT_PROJECT_VERSION = 1;
				DEFINES_MODULE = YES;
				DEVELOPMENT_TEAM = "";
				DYLIB_COMPATIBILITY_VERSION = 1;
				DYLIB_CURRENT_VERSION = 1;
				DYLIB_INSTALL_NAME_BASE = "@rpath";
				INFOPLIST_FILE = XIAlertSDK/Info.plist;
				INSTALL_PATH = "$(LOCAL_LIBRARY_DIR)/Frameworks";
				IPHONEOS_DEPLOYMENT_TARGET = 8.0;
				LD_RUNPATH_SEARCH_PATHS = "$(inherited) @executable_path/Frameworks @loader_path/Frameworks";
				ONLY_ACTIVE_ARCH = NO;
				PRODUCT_BUNDLE_IDENTIFIER = com.yxlong.XIAlertSDK;
				PRODUCT_NAME = "$(TARGET_NAME)";
				SKIP_INSTALL = YES;
				TARGETED_DEVICE_FAMILY = 1;
				VERSIONING_SYSTEM = "apple-generic";
				VERSION_INFO_PREFIX = "";
			};
			name = Debug;
		};
		0D1D61851E34847400E1BC38 /* Release */ = {
			isa = XCBuildConfiguration;
			buildSettings = {
				ARCHS = (
					"$(ARCHS_STANDARD)",
					armv7s,
				);
				CLANG_WARN_DOCUMENTATION_COMMENTS = YES;
				CLANG_WARN_INFINITE_RECURSION = YES;
				CLANG_WARN_SUSPICIOUS_MOVE = YES;
				CODE_SIGN_IDENTITY = "iPhone Developer";
				"CODE_SIGN_IDENTITY[sdk=iphoneos*]" = "iPhone Developer";
				CURRENT_PROJECT_VERSION = 1;
				DEFINES_MODULE = YES;
				DEVELOPMENT_TEAM = "";
				DYLIB_COMPATIBILITY_VERSION = 1;
				DYLIB_CURRENT_VERSION = 1;
				DYLIB_INSTALL_NAME_BASE = "@rpath";
				INFOPLIST_FILE = XIAlertSDK/Info.plist;
				INSTALL_PATH = "$(LOCAL_LIBRARY_DIR)/Frameworks";
				IPHONEOS_DEPLOYMENT_TARGET = 8.0;
				LD_RUNPATH_SEARCH_PATHS = "$(inherited) @executable_path/Frameworks @loader_path/Frameworks";
				PRODUCT_BUNDLE_IDENTIFIER = com.yxlong.XIAlertSDK;
				PRODUCT_NAME = "$(TARGET_NAME)";
				SKIP_INSTALL = YES;
				TARGETED_DEVICE_FAMILY = 1;
				VERSIONING_SYSTEM = "apple-generic";
				VERSION_INFO_PREFIX = "";
			};
			name = Release;
		};
		0DC9B6081D40A2A2002AC776 /* Debug */ = {
			isa = XCBuildConfiguration;
			buildSettings = {
				ALWAYS_SEARCH_USER_PATHS = NO;
				CLANG_ANALYZER_NONNULL = YES;
				CLANG_CXX_LANGUAGE_STANDARD = "gnu++0x";
				CLANG_CXX_LIBRARY = "libc++";
				CLANG_ENABLE_MODULES = YES;
				CLANG_ENABLE_OBJC_ARC = YES;
				CLANG_WARN_BOOL_CONVERSION = YES;
				CLANG_WARN_CONSTANT_CONVERSION = YES;
				CLANG_WARN_DIRECT_OBJC_ISA_USAGE = YES_ERROR;
				CLANG_WARN_EMPTY_BODY = YES;
				CLANG_WARN_ENUM_CONVERSION = YES;
				CLANG_WARN_INT_CONVERSION = YES;
				CLANG_WARN_OBJC_ROOT_CLASS = YES_ERROR;
				CLANG_WARN_UNREACHABLE_CODE = YES;
				CLANG_WARN__DUPLICATE_METHOD_MATCH = YES;
				"CODE_SIGN_IDENTITY[sdk=iphoneos*]" = "iPhone Developer";
				COPY_PHASE_STRIP = NO;
				DEBUG_INFORMATION_FORMAT = dwarf;
				ENABLE_STRICT_OBJC_MSGSEND = YES;
				ENABLE_TESTABILITY = YES;
				GCC_C_LANGUAGE_STANDARD = gnu99;
				GCC_DYNAMIC_NO_PIC = NO;
				GCC_NO_COMMON_BLOCKS = YES;
				GCC_OPTIMIZATION_LEVEL = 0;
				GCC_PREPROCESSOR_DEFINITIONS = (
					"DEBUG=1",
					"$(inherited)",
				);
				GCC_WARN_64_TO_32_BIT_CONVERSION = YES;
				GCC_WARN_ABOUT_RETURN_TYPE = YES_ERROR;
				GCC_WARN_UNDECLARED_SELECTOR = YES;
				GCC_WARN_UNINITIALIZED_AUTOS = YES_AGGRESSIVE;
				GCC_WARN_UNUSED_FUNCTION = YES;
				GCC_WARN_UNUSED_VARIABLE = YES;
				IPHONEOS_DEPLOYMENT_TARGET = 9.3;
				MTL_ENABLE_DEBUG_INFO = YES;
				ONLY_ACTIVE_ARCH = YES;
				SDKROOT = iphoneos;
			};
			name = Debug;
		};
		0DC9B6091D40A2A2002AC776 /* Release */ = {
			isa = XCBuildConfiguration;
			buildSettings = {
				ALWAYS_SEARCH_USER_PATHS = NO;
				CLANG_ANALYZER_NONNULL = YES;
				CLANG_CXX_LANGUAGE_STANDARD = "gnu++0x";
				CLANG_CXX_LIBRARY = "libc++";
				CLANG_ENABLE_MODULES = YES;
				CLANG_ENABLE_OBJC_ARC = YES;
				CLANG_WARN_BOOL_CONVERSION = YES;
				CLANG_WARN_CONSTANT_CONVERSION = YES;
				CLANG_WARN_DIRECT_OBJC_ISA_USAGE = YES_ERROR;
				CLANG_WARN_EMPTY_BODY = YES;
				CLANG_WARN_ENUM_CONVERSION = YES;
				CLANG_WARN_INT_CONVERSION = YES;
				CLANG_WARN_OBJC_ROOT_CLASS = YES_ERROR;
				CLANG_WARN_UNREACHABLE_CODE = YES;
				CLANG_WARN__DUPLICATE_METHOD_MATCH = YES;
				"CODE_SIGN_IDENTITY[sdk=iphoneos*]" = "iPhone Developer";
				COPY_PHASE_STRIP = NO;
				DEBUG_INFORMATION_FORMAT = "dwarf-with-dsym";
				ENABLE_NS_ASSERTIONS = NO;
				ENABLE_STRICT_OBJC_MSGSEND = YES;
				GCC_C_LANGUAGE_STANDARD = gnu99;
				GCC_NO_COMMON_BLOCKS = YES;
				GCC_WARN_64_TO_32_BIT_CONVERSION = YES;
				GCC_WARN_ABOUT_RETURN_TYPE = YES_ERROR;
				GCC_WARN_UNDECLARED_SELECTOR = YES;
				GCC_WARN_UNINITIALIZED_AUTOS = YES_AGGRESSIVE;
				GCC_WARN_UNUSED_FUNCTION = YES;
				GCC_WARN_UNUSED_VARIABLE = YES;
				IPHONEOS_DEPLOYMENT_TARGET = 9.3;
				MTL_ENABLE_DEBUG_INFO = NO;
				SDKROOT = iphoneos;
				VALIDATE_PRODUCT = YES;
			};
			name = Release;
		};
		0DC9B60B1D40A2A2002AC776 /* Debug */ = {
			isa = XCBuildConfiguration;
			buildSettings = {
				ASSETCATALOG_COMPILER_APPICON_NAME = AppIcon;
				CODE_SIGN_IDENTITY = "iPhone Developer";
				"CODE_SIGN_IDENTITY[sdk=iphoneos*]" = "iPhone Developer";
				DEVELOPMENT_TEAM = "";
				INFOPLIST_FILE = XIAlertView/Info.plist;
				IPHONEOS_DEPLOYMENT_TARGET = 8.0;
				LD_RUNPATH_SEARCH_PATHS = "$(inherited) @executable_path/Frameworks";
				PRODUCT_BUNDLE_IDENTIFIER = "com.-yxlong.XIAlertView";
				PRODUCT_NAME = "$(TARGET_NAME)";
				PROVISIONING_PROFILE = "";
			};
			name = Debug;
		};
		0DC9B60C1D40A2A2002AC776 /* Release */ = {
			isa = XCBuildConfiguration;
			buildSettings = {
				ASSETCATALOG_COMPILER_APPICON_NAME = AppIcon;
				CODE_SIGN_IDENTITY = "iPhone Developer";
				"CODE_SIGN_IDENTITY[sdk=iphoneos*]" = "iPhone Developer";
				DEVELOPMENT_TEAM = "";
				INFOPLIST_FILE = XIAlertView/Info.plist;
				IPHONEOS_DEPLOYMENT_TARGET = 8.0;
				LD_RUNPATH_SEARCH_PATHS = "$(inherited) @executable_path/Frameworks";
				PRODUCT_BUNDLE_IDENTIFIER = "com.-yxlong.XIAlertView";
				PRODUCT_NAME = "$(TARGET_NAME)";
				PROVISIONING_PROFILE = "";
			};
			name = Release;
		};
/* End XCBuildConfiguration section */

/* Begin XCConfigurationList section */
		0D1D61831E34847400E1BC38 /* Build configuration list for PBXNativeTarget "XIAlertSDK" */ = {
			isa = XCConfigurationList;
			buildConfigurations = (
				0D1D61841E34847400E1BC38 /* Debug */,
				0D1D61851E34847400E1BC38 /* Release */,
			);
			defaultConfigurationIsVisible = 0;
		};
		0DC9B5EE1D40A2A2002AC776 /* Build configuration list for PBXProject "XIAlertView" */ = {
			isa = XCConfigurationList;
			buildConfigurations = (
				0DC9B6081D40A2A2002AC776 /* Debug */,
				0DC9B6091D40A2A2002AC776 /* Release */,
			);
			defaultConfigurationIsVisible = 0;
			defaultConfigurationName = Release;
		};
		0DC9B60A1D40A2A2002AC776 /* Build configuration list for PBXNativeTarget "XIAlertView" */ = {
			isa = XCConfigurationList;
			buildConfigurations = (
				0DC9B60B1D40A2A2002AC776 /* Debug */,
				0DC9B60C1D40A2A2002AC776 /* Release */,
			);
			defaultConfigurationIsVisible = 0;
			defaultConfigurationName = Release;
		};
/* End XCConfigurationList section */
	};
	rootObject = 0DC9B5EB1D40A2A2002AC776 /* Project object */;
}
